
Microsoft Visual Studio Solution File, Format Version 12.00
# Visual Studio 15
VisualStudioVersion = 15.0.27130.2027
MinimumVisualStudioVersion = 10.0.40219.1
Project("{FAE04EC0-301F-11D3-BF4B-00C04F79EFBC}") = "Lab3-OrderCake(The Bakery)", "Lab3-OrderCake(The Bakery)\Lab3-OrderCake(The Bakery).csproj", "{467D6E74-7ECE-44CE-99BB-AD354CA8768D}"
EndProject
Project("{FAE04EC0-301F-11D3-BF4B-00C04F79EFBC}") = "CakeClasses", "CakeClasses\CakeClasses.csproj", "{00DC8E58-6115-4A9C-BE5E-E14F7EE5A11A}"
EndProject
Project("{FAE04EC0-301F-11D3-BF4B-00C04F79EFBC}") = "DatabaseClasses", "DatabaseClasses\DatabaseClasses.csproj", "{EA5338EA-0266-4C78-83F3-700C7B069D2D}"
EndProject
Global
	GlobalSection(SolutionConfigurationPlatforms) = preSolution
		Debug|Any CPU = Debug|Any CPU
		Release|Any CPU = Release|Any CPU
	EndGlobalSection
	GlobalSection(ProjectConfigurationPlatforms) = postSolution
		{467D6E74-7ECE-44CE-99BB-AD354CA8768D}.Debug|Any CPU.ActiveCfg = Debug|Any CPU
		{467D6E74-7ECE-44CE-99BB-AD354CA8768D}.Debug|Any CPU.Build.0 = Debug|Any CPU
		{467D6E74-7ECE-44CE-99BB-AD354CA8768D}.Release|Any CPU.ActiveCfg = Release|Any CPU
		{467D6E74-7ECE-44CE-99BB-AD354CA8768D}.Release|Any CPU.Build.0 = Release|Any CPU
		{00DC8E58-6115-4A9C-BE5E-E14F7EE5A11A}.Debug|Any CPU.ActiveCfg = Debug|Any CPU
		{00DC8E58-6115-4A9C-BE5E-E14F7EE5A11A}.Debug|Any CPU.Build.0 = Debug|Any CPU
		{00DC8E58-6115-4A9C-BE5E-E14F7EE5A11A}.Release|Any CPU.ActiveCfg = Release|Any CPU
		{00DC8E58-6115-4A9C-BE5E-E14F7EE5A11A}.Release|Any CPU.Build.0 = Release|Any CPU
		{EA5338EA-0266-4C78-83F3-700C7B069D2D}.Debug|Any CPU.ActiveCfg = Debug|Any CPU
		{EA5338EA-0266-4C78-83F3-700C7B069D2D}.Debug|Any CPU.Build.0 = Debug|Any CPU
		{EA5338EA-0266-4C78-83F3-700C7B069D2D}.Release|Any CPU.ActiveCfg = Release|Any CPU
		{EA5338EA-0266-4C78-83F3-700C7B069D2D}.Release|Any CPU.Build.0 = Release|Any CPU
	EndGlobalSection
	GlobalSection(SolutionProperties) = preSolution
		HideSolutionNode = FALSE
	EndGlobalSection
	GlobalSection(ExtensibilityGlobals) = postSolution
		SolutionGuid = {B4B43A14-8EF0-4E0C-8548-1C1B37DEAF2A}
	EndGlobalSection
EndGlobal
